<?xml version="1.0" encoding="utf-8"?>
<Project ToolsVersion="16.0" xmlns="http://schemas.microsoft.com/developer/msbuild/2003">
  <ItemGroup>
    <ClCompile Include="C:\Users\Никита\Desktop\Labs\Lab_6\Lab_6\List\List.cpp">
      <Filter>Source Files</Filter>
    </ClCompile>
  </ItemGroup>
  <ItemGroup>
    <ClInclude Include="C:\Users\Никита\Desktop\Labs\Lab_6\Lab_6\List\List.h">
      <Filter>Header Files</Filter>
    </ClInclude>
  </ItemGroup>
  <ItemGroup>
    <CustomBuild Include="C:\Users\Никита\Desktop\Labs\Lab_6\Lab_6\List\CMakeLists.txt" />
  </ItemGroup>
  <ItemGroup>
    <Filter Include="Header Files">
      <UniqueIdentifier>{A40867D9-F25D-3DF7-AF2E-938D955D127A}</UniqueIdentifier>
    </Filter>
    <Filter Include="Source Files">
      <UniqueIdentifier>{77837653-8538-3F78-B8E6-050AD283586E}</UniqueIdentifier>
    </Filter>
  </ItemGroup>
</Project>
